// !$*UTF8*$!
{
	archiveVersion = 1;
	classes = {
	};
	objectVersion = 46;
	objects = {

/* Begin PBXBuildFile section */
		8424E9411CF912700045A162 /* main.m in Sources */ = {isa = PBXBuildFile; fileRef = 8424E9401CF912700045A162 /* main.m */; };
		8424E9441CF912700045A162 /* AppDelegate.m in Sources */ = {isa = PBXBuildFile; fileRef = 8424E9431CF912700045A162 /* AppDelegate.m */; };
		8424E9471CF912700045A162 /* CodeforcesRecentActions.xcdatamodeld in Sources */ = {isa = PBXBuildFile; fileRef = 8424E9451CF912700045A162 /* CodeforcesRecentActions.xcdatamodeld */; };
		8424E94A1CF912700045A162 /* MasterViewController.m in Sources */ = {isa = PBXBuildFile; fileRef = 8424E9491CF912700045A162 /* MasterViewController.m */; };
		8424E94D1CF912700045A162 /* DetailViewController.m in Sources */ = {isa = PBXBuildFile; fileRef = 8424E94C1CF912700045A162 /* DetailViewController.m */; };
		8424E9501CF912700045A162 /* Main.storyboard in Resources */ = {isa = PBXBuildFile; fileRef = 8424E94E1CF912700045A162 /* Main.storyboard */; };
		8424E9521CF912700045A162 /* Assets.xcassets in Resources */ = {isa = PBXBuildFile; fileRef = 8424E9511CF912700045A162 /* Assets.xcassets */; };
		8424E9551CF912700045A162 /* LaunchScreen.storyboard in Resources */ = {isa = PBXBuildFile; fileRef = 8424E9531CF912700045A162 /* LaunchScreen.storyboard */; };
/* End PBXBuildFile section */

/* Begin PBXFileReference section */
		8424E93C1CF912700045A162 /* CodeforcesRecentActions.app */ = {isa = PBXFileReference; explicitFileType = wrapper.application; includeInIndex = 0; path = CodeforcesRecentActions.app; sourceTree = BUILT_PRODUCTS_DIR; };
		8424E9401CF912700045A162 /* main.m */ = {isa = PBXFileReference; lastKnownFileType = sourcecode.c.objc; path = main.m; sourceTree = "<group>"; };
		8424E9421CF912700045A162 /* AppDelegate.h */ = {isa = PBXFileReference; lastKnownFileType = sourcecode.c.h; path = AppDelegate.h; sourceTree = "<group>"; };
		8424E9431CF912700045A162 /* AppDelegate.m */ = {isa = PBXFileReference; lastKnownFileType = sourcecode.c.objc; path = AppDelegate.m; sourceTree = "<group>"; };
		8424E9461CF912700045A162 /* CodeforcesRecentActions.xcdatamodel */ = {isa = PBXFileReference; lastKnownFileType = wrapper.xcdatamodel; path = CodeforcesRecentActions.xcdatamodel; sourceTree = "<group>"; };
		8424E9481CF912700045A162 /* MasterViewController.h */ = {isa = PBXFileReference; lastKnownFileType = sourcecode.c.h; path = MasterViewController.h; sourceTree = "<group>"; };
		8424E9491CF912700045A162 /* MasterViewController.m */ = {isa = PBXFileReference; lastKnownFileType = sourcecode.c.objc; path = MasterViewController.m; sourceTree = "<group>"; };
		8424E94B1CF912700045A162 /* DetailViewController.h */ = {isa = PBXFileReference; lastKnownFileType = sourcecode.c.h; path = DetailViewController.h; sourceTree = "<group>"; };
		8424E94C1CF912700045A162 /* DetailViewController.m */ = {isa = PBXFileReference; lastKnownFileType = sourcecode.c.objc; path = DetailViewController.m; sourceTree = "<group>"; };
		8424E94F1CF912700045A162 /* Base */ = {isa = PBXFileReference; lastKnownFileType = file.storyboard; name = Base; path = Base.lproj/Main.storyboard; sourceTree = "<group>"; };
		8424E9511CF912700045A162 /* Assets.xcassets */ = {isa = PBXFileReference; lastKnownFileType = folder.assetcatalog; path = Assets.xcassets; sourceTree = "<group>"; };
		8424E9541CF912700045A162 /* Base */ = {isa = PBXFileReference; lastKnownFileType = file.storyboard; name = Base; path = Base.lproj/LaunchScreen.storyboard; sourceTree = "<group>"; };
		8424E9561CF912700045A162 /* Info.plist */ = {isa = PBXFileReference; lastKnownFileType = text.plist.xml; path = Info.plist; sourceTree = "<group>"; };
/* End PBXFileReference section */

/* Begin PBXFrameworksBuildPhase section */
		8424E9391CF912700045A162 /* Frameworks */ = {
			isa = PBXFrameworksBuildPhase;
			buildActionMask = 2147483647;
			files = (
			);
			runOnlyForDeploymentPostprocessing = 0;
		};
/* End PBXFrameworksBuildPhase section */

/* Begin PBXGroup section */
		8424E9331CF912700045A162 = {
			isa = PBXGroup;
			children = (
				8424E93E1CF912700045A162 /* CodeforcesRecentActions */,
				8424E93D1CF912700045A162 /* Products */,
			);
			sourceTree = "<group>";
		};
		8424E93D1CF912700045A162 /* Products */ = {
			isa = PBXGroup;
			children = (
				8424E93C1CF912700045A162 /* CodeforcesRecentActions.app */,
			);
			name = Products;
			sourceTree = "<group>";
		};
		8424E93E1CF912700045A162 /* CodeforcesRecentActions */ = {
			isa = PBXGroup;
			children = (
				8424E9421CF912700045A162 /* AppDelegate.h */,
				8424E9431CF912700045A162 /* AppDelegate.m */,
				8424E9481CF912700045A162 /* MasterViewController.h */,
				8424E9491CF912700045A162 /* MasterViewController.m */,
				8424E94B1CF912700045A162 /* DetailViewController.h */,
				8424E94C1CF912700045A162 /* DetailViewController.m */,
				8424E94E1CF912700045A162 /* Main.storyboard */,
				8424E9511CF912700045A162 /* Assets.xcassets */,
				8424E9531CF912700045A162 /* LaunchScreen.storyboard */,
				8424E9561CF912700045A162 /* Info.plist */,
				8424E9451CF912700045A162 /* CodeforcesRecentActions.xcdatamodeld */,
				8424E93F1CF912700045A162 /* Supporting Files */,
			);
			path = CodeforcesRecentActions;
			sourceTree = "<group>";
		};
		8424E93F1CF912700045A162 /* Supporting Files */ = {
			isa = PBXGroup;
			children = (
				8424E9401CF912700045A162 /* main.m */,
			);
			name = "Supporting Files";
			sourceTree = "<group>";
		};
/* End PBXGroup section */

/* Begin PBXNativeTarget section */
		8424E93B1CF912700045A162 /* CodeforcesRecentActions */ = {
			isa = PBXNativeTarget;
			buildConfigurationList = 8424E9591CF912700045A162 /* Build configuration list for PBXNativeTarget "CodeforcesRecentActions" */;
			buildPhases = (
				8424E9381CF912700045A162 /* Sources */,
				8424E9391CF912700045A162 /* Frameworks */,
				8424E93A1CF912700045A162 /* Resources */,
			);
			buildRules = (
			);
			dependencies = (
			);
			name = CodeforcesRecentActions;
			productName = CodeforcesRecentActions;
			productReference = 8424E93C1CF912700045A162 /* CodeforcesRecentActions.app */;
			productType = "com.apple.product-type.application";
		};
/* End PBXNativeTarget section */

/* Begin PBXProject section */
		8424E9341CF912700045A162 /* Project object */ = {
			isa = PBXProject;
			attributes = {
				LastUpgradeCheck = 0720;
				ORGANIZATIONNAME = SSAU;
				TargetAttributes = {
					8424E93B1CF912700045A162 = {
						CreatedOnToolsVersion = 7.2.1;
					};
				};
			};
			buildConfigurationList = 8424E9371CF912700045A162 /* Build configuration list for PBXProject "CodeforcesRecentActions" */;
			compatibilityVersion = "Xcode 3.2";
			developmentRegion = English;
			hasScannedForEncodings = 0;
			knownRegions = (
				en,
				Base,
			);
			mainGroup = 8424E9331CF912700045A162;
			productRefGroup = 8424E93D1CF912700045A162 /* Products */;
			projectDirPath = "";
			projectRoot = "";
			targets = (
				8424E93B1CF912700045A162 /* CodeforcesRecentActions */,
			);
		};
/* End PBXProject section */

/* Begin PBXResourcesBuildPhase section */
		8424E93A1CF912700045A162 /* Resources */ = {
			isa = PBXResourcesBuildPhase;
			buildActionMask = 2147483647;
			files = (
				8424E9551CF912700045A162 /* LaunchScreen.storyboard in Resources */,
				8424E9521CF912700045A162 /* Assets.xcassets in Resources */,
				8424E9501CF912700045A162 /* Main.storyboard in Resources */,
			);
			runOnlyForDeploymentPostprocessing = 0;
		};
/* End PBXResourcesBuildPhase section */

/* Begin PBXSourcesBuildPhase section */
		8424E9381CF912700045A162 /* Sources */ = {
			isa = PBXSourcesBuildPhase;
			buildActionMask = 2147483647;
			files = (
				8424E94D1CF912700045A162 /* DetailViewController.m in Sources */,
				8424E94A1CF912700045A162 /* MasterViewController.m in Sources */,
				8424E9441CF912700045A162 /* AppDelegate.m in Sources */,
				8424E9471CF912700045A162 /* CodeforcesRecentActions.xcdatamodeld in Sources */,
				8424E9411CF912700045A162 /* main.m in Sources */,
			);
			runOnlyForDeploymentPostprocessing = 0;
		};
/* End PBXSourcesBuildPhase section */

/* Begin PBXVariantGroup section */
		8424E94E1CF912700045A162 /* Main.storyboard */ = {
			isa = PBXVariantGroup;
			children = (
				8424E94F1CF912700045A162 /* Base */,
			);
			name = Main.storyboard;
			sourceTree = "<group>";
		};
		8424E9531CF912700045A162 /* LaunchScreen.storyboard */ = {
			isa = PBXVariantGroup;
			children = (
				8424E9541CF912700045A162 /* Base */,
			);
			name = LaunchScreen.storyboard;
			sourceTree = "<group>";
		};
/* End PBXVariantGroup section */

/* Begin XCBuildConfiguration section */
		8424E9571CF912700045A162 /* Debug */ = {
			isa = XCBuildConfiguration;
			buildSettings = {
				ALWAYS_SEARCH_USER_PATHS = NO;
				CLANG_CXX_LANGUAGE_STANDARD = "gnu++0x";
				CLANG_CXX_LIBRARY = "libc++";
				CLANG_ENABLE_MODULES = YES;
				CLANG_ENABLE_OBJC_ARC = YES;
				CLANG_WARN_BOOL_CONVERSION = YES;
				CLANG_WARN_CONSTANT_CONVERSION = YES;
				CLANG_WARN_DIRECT_OBJC_ISA_USAGE = YES_ERROR;
				CLANG_WARN_EMPTY_BODY = YES;
				CLANG_WARN_ENUM_CONVERSION = YES;
				CLANG_WARN_INT_CONVERSION = YES;
				CLANG_WARN_OBJC_ROOT_CLASS = YES_ERROR;
				CLANG_WARN_UNREACHABLE_CODE = YES;
				CLANG_WARN__DUPLICATE_METHOD_MATCH = YES;
				"CODE_SIGN_IDENTITY[sdk=iphoneos*]" = "iPhone Developer";
				COPY_PHASE_STRIP = NO;
				DEBUG_INFORMATION_FORMAT = dwarf;
				ENABLE_STRICT_OBJC_MSGSEND = YES;
				ENABLE_TESTABILITY = YES;
				GCC_C_LANGUAGE_STANDARD = gnu99;
				GCC_DYNAMIC_NO_PIC = NO;
				GCC_NO_COMMON_BLOCKS = YES;
				GCC_OPTIMIZATION_LEVEL = 0;
				GCC_PREPROCESSOR_DEFINITIONS = (
					"DEBUG=1",
					"$(inherited)",
				);
				GCC_WARN_64_TO_32_BIT_CONVERSION = YES;
				GCC_WARN_ABOUT_RETURN_TYPE = YES_ERROR;
				GCC_WARN_UNDECLARED_SELECTOR = YES;
				GCC_WARN_UNINITIALIZED_AUTOS = YES_AGGRESSIVE;
				GCC_WARN_UNUSED_FUNCTION = YES;
				GCC_WARN_UNUSED_VARIABLE = YES;
				IPHONEOS_DEPLOYMENT_TARGET = 9.2;
				MTL_ENABLE_DEBUG_INFO = YES;
				ONLY_ACTIVE_ARCH = YES;
				SDKROOT = iphoneos;
			};
			name = Debug;
		};
		8424E9581CF912700045A162 /* Release */ = {
			isa = XCBuildConfiguration;
			buildSettings = {
				ALWAYS_SEARCH_USER_PATHS = NO;
				CLANG_CXX_LANGUAGE_STANDARD = "gnu++0x";
				CLANG_CXX_LIBRARY = "libc++";
				CLANG_ENABLE_MODULES = YES;
				CLANG_ENABLE_OBJC_ARC = YES;
				CLANG_WARN_BOOL_CONVERSION = YES;
				CLANG_WARN_CONSTANT_CONVERSION = YES;
				CLANG_WARN_DIRECT_OBJC_ISA_USAGE = YES_ERROR;
				CLANG_WARN_EMPTY_BODY = YES;
				CLANG_WARN_ENUM_CONVERSION = YES;
				CLANG_WARN_INT_CONVERSION = YES;
				CLANG_WARN_OBJC_ROOT_CLASS = YES_ERROR;
				CLANG_WARN_UNREACHABLE_CODE = YES;
				CLANG_WARN__DUPLICATE_METHOD_MATCH = YES;
				"CODE_SIGN_IDENTITY[sdk=iphoneos*]" = "iPhone Developer";
				COPY_PHASE_STRIP = NO;
				DEBUG_INFORMATION_FORMAT = "dwarf-with-dsym";
				ENABLE_NS_ASSERTIONS = NO;
				ENABLE_STRICT_OBJC_MSGSEND = YES;
				GCC_C_LANGUAGE_STANDARD = gnu99;
				GCC_NO_COMMON_BLOCKS = YES;
				GCC_WARN_64_TO_32_BIT_CONVERSION = YES;
				GCC_WARN_ABOUT_RETURN_TYPE = YES_ERROR;
				GCC_WARN_UNDECLARED_SELECTOR = YES;
				GCC_WARN_UNINITIALIZED_AUTOS = YES_AGGRESSIVE;
				GCC_WARN_UNUSED_FUNCTION = YES;
				GCC_WARN_UNUSED_VARIABLE = YES;
				IPHONEOS_DEPLOYMENT_TARGET = 9.2;
				MTL_ENABLE_DEBUG_INFO = NO;
				SDKROOT = iphoneos;
				VALIDATE_PRODUCT = YES;
			};
			name = Release;
		};
		8424E95A1CF912700045A162 /* Debug */ = {
			isa = XCBuildConfiguration;
			buildSettings = {
				ASSETCATALOG_COMPILER_APPICON_NAME = AppIcon;
				INFOPLIST_FILE = CodeforcesRecentActions/Info.plist;
				LD_RUNPATH_SEARCH_PATHS = "$(inherited) @executable_path/Frameworks";
				PRODUCT_BUNDLE_IDENTIFIER = com.slamur.app.CodeforcesRecentActions;
				PRODUCT_NAME = "$(TARGET_NAME)";
			};
			name = Debug;
		};
		8424E95B1CF912700045A162 /* Release */ = {
			isa = XCBuildConfiguration;
			buildSettings = {
				ASSETCATALOG_COMPILER_APPICON_NAME = AppIcon;
				INFOPLIST_FILE = CodeforcesRecentActions/Info.plist;
				LD_RUNPATH_SEARCH_PATHS = "$(inherited) @executable_path/Frameworks";
				PRODUCT_BUNDLE_IDENTIFIER = com.slamur.app.CodeforcesRecentActions;
				PRODUCT_NAME = "$(TARGET_NAME)";
			};
			name = Release;
		};
/* End XCBuildConfiguration section */

/* Begin XCConfigurationList section */
		8424E9371CF912700045A162 /* Build configuration list for PBXProject "CodeforcesRecentActions" */ = {
			isa = XCConfigurationList;
			buildConfigurations = (
				8424E9571CF912700045A162 /* Debug */,
				8424E9581CF912700045A162 /* Release */,
			);
			defaultConfigurationIsVisible = 0;
			defaultConfigurationName = Release;
		};
		8424E9591CF912700045A162 /* Build configuration list for PBXNativeTarget "CodeforcesRecentActions" */ = {
			isa = XCConfigurationList;
			buildConfigurations = (
				8424E95A1CF912700045A162 /* Debug */,
				8424E95B1CF912700045A162 /* Release */,
			);
			defaultConfigurationIsVisible = 0;
		};
/* End XCConfigurationList section */

/* Begin XCVersionGroup section */
		8424E9451CF912700045A162 /* CodeforcesRecentActions.xcdatamodeld */ = {
			isa = XCVersionGroup;
			children = (
				8424E9461CF912700045A162 /* CodeforcesRecentActions.xcdatamodel */,
			);
			currentVersion = 8424E9461CF912700045A162 /* CodeforcesRecentActions.xcdatamodel */;
			path = CodeforcesRecentActions.xcdatamodeld;
			sourceTree = "<group>";
			versionGroupType = wrapper.xcdatamodel;
		};
/* End XCVersionGroup section */
	};
	rootObject = 8424E9341CF912700045A162 /* Project object */;
}
